
Microsoft Visual Studio Solution File, Format Version 12.00
# Visual Studio Version 17
VisualStudioVersion = 17.14.36429.23
MinimumVisualStudioVersion = 10.0.40219.1
Project("{2150E333-8FDC-42A3-9474-1A3956D46DE8}") = "Task0", "Task0", "{02EA681E-C7D8-13C7-8484-4AC65E1B71E8}"
EndProject
Project("{FAE04EC0-301F-11D3-BF4B-00C04F79EFBC}") = "Tyuiu.PetrovDR.Sprint1.Task0.V29", "Tyuiu.PetrovDR.Sprint1.Task0.V29\Tyuiu.PetrovDR.Sprint1.Task0.V29.csproj", "{65FB1630-0131-4F1D-B8FF-8A8B0EF07212}"
EndProject
Project("{FAE04EC0-301F-11D3-BF4B-00C04F79EFBC}") = "Tyuiu.PetrovDR.Sprint1.Task0.V29.Lib", "Tyuiu.PetrovDR.Sprint1.Task0.V29.Lib\Tyuiu.PetrovDR.Sprint1.Task0.V29.Lib.csproj", "{5C21C474-B8B6-449D-980E-52C92F467C6C}"
EndProject
Project("{FAE04EC0-301F-11D3-BF4B-00C04F79EFBC}") = "Tyuiu.PetrovDR.Sprint1.Task0.V29.Test", "Tyuiu.PetrovDR.Sprint1.Task0.V29.Test\Tyuiu.PetrovDR.Sprint1.Task0.V29.Test.csproj", "{E0F981DE-47FA-4B6F-9B3C-A422B9103953}"
EndProject
Project("{2150E333-8FDC-42A3-9474-1A3956D46DE8}") = "Task1", "Task1", "{388DC58B-5836-4D1E-B801-A20BCED47886}"
EndProject
Project("{FAE04EC0-301F-11D3-BF4B-00C04F79EFBC}") = "Tyuiu.PetrovDR.Sprint1.Task1.V25", "Tyuiu.PetrovDR.Sprint1.Task1.V25\Tyuiu.PetrovDR.Sprint1.Task1.V25.csproj", "{BB9C4860-3FF6-47DC-A300-442588167779}"
EndProject
Project("{FAE04EC0-301F-11D3-BF4B-00C04F79EFBC}") = "Tyuiu.PetrovDR.Sprint1.Task1.V25.Lib", "Tyuiu.PetrovDR.Sprint1.Task1.V25.Lib\Tyuiu.PetrovDR.Sprint1.Task1.V25.Lib.csproj", "{20BDAB24-770E-4F35-9E8B-5D67AF2E50FB}"
EndProject
Project("{FAE04EC0-301F-11D3-BF4B-00C04F79EFBC}") = "Tyuiu.PetrovDR.Sprint1.Task1.V25.Test", "Tyuiu.PetrovDR.Sprint1.Task1.V25.Test\Tyuiu.PetrovDR.Sprint1.Task1.V25.Test.csproj", "{9F9A31E3-6CA4-4F6D-B76A-3023AB09A767}"
EndProject
Project("{2150E333-8FDC-42A3-9474-1A3956D46DE8}") = "Task2", "Task2", "{423F53E4-1EA1-4A53-86FD-736515435A8C}"
EndProject
Project("{FAE04EC0-301F-11D3-BF4B-00C04F79EFBC}") = "Tyuiu.PetrovDR.Sprint1.Task2.V29", "Tyuiu.PetrovDR.Sprint1.Task2.V29\Tyuiu.PetrovDR.Sprint1.Task2.V29.csproj", "{6D580268-5021-4B54-9FCB-F3B7F6E072B9}"
EndProject
Project("{FAE04EC0-301F-11D3-BF4B-00C04F79EFBC}") = "Tyuiu.PetrovDR.Sprint1.Task2.V29.Lib", "Tyuiu.PetrovDR.Sprint1.Task2.V29.Lib\Tyuiu.PetrovDR.Sprint1.Task2.V29.Lib.csproj", "{2BED6281-4573-4A07-A552-1B4A94D1FE67}"
EndProject
Project("{FAE04EC0-301F-11D3-BF4B-00C04F79EFBC}") = "Tyuiu.PetrovDR.Sprint1.Task2.V29.Test", "Tyuiu.PetrovDR.Sprint1.Task2.V29.Test\Tyuiu.PetrovDR.Sprint1.Task2.V29.Test.csproj", "{E1665B3D-1536-423E-A92E-BA7C993443B5}"
EndProject
Project("{2150E333-8FDC-42A3-9474-1A3956D46DE8}") = "Task3", "Task3", "{815C9EE9-63AA-42C2-86BD-9003E6DA5C36}"
EndProject
Project("{FAE04EC0-301F-11D3-BF4B-00C04F79EFBC}") = "Tyuiu.PetrovDR.Sprint1.Task3.V16", "Tyuiu.PetrovDR.Sprint1.Task3.V16\Tyuiu.PetrovDR.Sprint1.Task3.V16.csproj", "{9A31F943-CEDC-4810-BEB3-C63B2C616BE5}"
EndProject
Project("{FAE04EC0-301F-11D3-BF4B-00C04F79EFBC}") = "Tyuiu.PetrovDR.Sprint1.Task3.V16.Lib", "Tyuiu.PetrovDR.Sprint1.Task3.V16.Lib\Tyuiu.PetrovDR.Sprint1.Task3.V16.Lib.csproj", "{4F1AF712-752E-4A63-B850-A8D739B3CF94}"
EndProject
Project("{FAE04EC0-301F-11D3-BF4B-00C04F79EFBC}") = "Tyuiu.PetrovDR.Sprint1.Task3.V16.Test", "Tyuiu.PetrovDR.Sprint1.Task3.V16.Test\Tyuiu.PetrovDR.Sprint1.Task3.V16.Test.csproj", "{E3C8EFCD-941A-497A-9481-2AA77E505A16}"
EndProject
Project("{2150E333-8FDC-42A3-9474-1A3956D46DE8}") = "Task4", "Task4", "{02039795-D45E-4B59-8171-F9AE799FEB79}"
EndProject
Project("{FAE04EC0-301F-11D3-BF4B-00C04F79EFBC}") = "Tyuiu.PetrovDR.Sprint1.Task4.V15", "Tyuiu.PetrovDR.Sprint1.Task4.V15\Tyuiu.PetrovDR.Sprint1.Task4.V15.csproj", "{03180469-A405-4F58-A643-4F9E884F128D}"
EndProject
Project("{FAE04EC0-301F-11D3-BF4B-00C04F79EFBC}") = "Tyuiu.PetrovDR.Sprint1.Task4.V15.Lib", "Tyuiu.PetrovDR.Sprint1.Task4.V15.Lib\Tyuiu.PetrovDR.Sprint1.Task4.V15.Lib.csproj", "{A3141D0E-7BD9-4308-8A36-D6D6B8231330}"
EndProject
Project("{FAE04EC0-301F-11D3-BF4B-00C04F79EFBC}") = "Tyuiu.PetrovDR.Sprint1.Task4.V15.Test", "Tyuiu.PetrovDR.Sprint1.Task4.V15.Test\Tyuiu.PetrovDR.Sprint1.Task4.V15.Test.csproj", "{A7B81CF3-982D-4FEB-90BB-7D27AA008AC0}"
EndProject
Global
	GlobalSection(SolutionConfigurationPlatforms) = preSolution
		Debug|Any CPU = Debug|Any CPU
		Release|Any CPU = Release|Any CPU
	EndGlobalSection
	GlobalSection(ProjectConfigurationPlatforms) = postSolution
		{65FB1630-0131-4F1D-B8FF-8A8B0EF07212}.Debug|Any CPU.ActiveCfg = Debug|Any CPU
		{65FB1630-0131-4F1D-B8FF-8A8B0EF07212}.Debug|Any CPU.Build.0 = Debug|Any CPU
		{65FB1630-0131-4F1D-B8FF-8A8B0EF07212}.Release|Any CPU.ActiveCfg = Release|Any CPU
		{65FB1630-0131-4F1D-B8FF-8A8B0EF07212}.Release|Any CPU.Build.0 = Release|Any CPU
		{5C21C474-B8B6-449D-980E-52C92F467C6C}.Debug|Any CPU.ActiveCfg = Debug|Any CPU
		{5C21C474-B8B6-449D-980E-52C92F467C6C}.Debug|Any CPU.Build.0 = Debug|Any CPU
		{5C21C474-B8B6-449D-980E-52C92F467C6C}.Release|Any CPU.ActiveCfg = Release|Any CPU
		{5C21C474-B8B6-449D-980E-52C92F467C6C}.Release|Any CPU.Build.0 = Release|Any CPU
		{E0F981DE-47FA-4B6F-9B3C-A422B9103953}.Debug|Any CPU.ActiveCfg = Debug|Any CPU
		{E0F981DE-47FA-4B6F-9B3C-A422B9103953}.Debug|Any CPU.Build.0 = Debug|Any CPU
		{E0F981DE-47FA-4B6F-9B3C-A422B9103953}.Release|Any CPU.ActiveCfg = Release|Any CPU
		{E0F981DE-47FA-4B6F-9B3C-A422B9103953}.Release|Any CPU.Build.0 = Release|Any CPU
		{BB9C4860-3FF6-47DC-A300-442588167779}.Debug|Any CPU.ActiveCfg = Debug|Any CPU
		{BB9C4860-3FF6-47DC-A300-442588167779}.Debug|Any CPU.Build.0 = Debug|Any CPU
		{BB9C4860-3FF6-47DC-A300-442588167779}.Release|Any CPU.ActiveCfg = Release|Any CPU
		{BB9C4860-3FF6-47DC-A300-442588167779}.Release|Any CPU.Build.0 = Release|Any CPU
		{20BDAB24-770E-4F35-9E8B-5D67AF2E50FB}.Debug|Any CPU.ActiveCfg = Debug|Any CPU
		{20BDAB24-770E-4F35-9E8B-5D67AF2E50FB}.Debug|Any CPU.Build.0 = Debug|Any CPU
		{20BDAB24-770E-4F35-9E8B-5D67AF2E50FB}.Release|Any CPU.ActiveCfg = Release|Any CPU
		{20BDAB24-770E-4F35-9E8B-5D67AF2E50FB}.Release|Any CPU.Build.0 = Release|Any CPU
		{9F9A31E3-6CA4-4F6D-B76A-3023AB09A767}.Debug|Any CPU.ActiveCfg = Debug|Any CPU
		{9F9A31E3-6CA4-4F6D-B76A-3023AB09A767}.Debug|Any CPU.Build.0 = Debug|Any CPU
		{9F9A31E3-6CA4-4F6D-B76A-3023AB09A767}.Release|Any CPU.ActiveCfg = Release|Any CPU
		{9F9A31E3-6CA4-4F6D-B76A-3023AB09A767}.Release|Any CPU.Build.0 = Release|Any CPU
		{6D580268-5021-4B54-9FCB-F3B7F6E072B9}.Debug|Any CPU.ActiveCfg = Debug|Any CPU
		{6D580268-5021-4B54-9FCB-F3B7F6E072B9}.Debug|Any CPU.Build.0 = Debug|Any CPU
		{6D580268-5021-4B54-9FCB-F3B7F6E072B9}.Release|Any CPU.ActiveCfg = Release|Any CPU
		{6D580268-5021-4B54-9FCB-F3B7F6E072B9}.Release|Any CPU.Build.0 = Release|Any CPU
		{2BED6281-4573-4A07-A552-1B4A94D1FE67}.Debug|Any CPU.ActiveCfg = Debug|Any CPU
		{2BED6281-4573-4A07-A552-1B4A94D1FE67}.Debug|Any CPU.Build.0 = Debug|Any CPU
		{2BED6281-4573-4A07-A552-1B4A94D1FE67}.Release|Any CPU.ActiveCfg = Release|Any CPU
		{2BED6281-4573-4A07-A552-1B4A94D1FE67}.Release|Any CPU.Build.0 = Release|Any CPU
		{E1665B3D-1536-423E-A92E-BA7C993443B5}.Debug|Any CPU.ActiveCfg = Debug|Any CPU
		{E1665B3D-1536-423E-A92E-BA7C993443B5}.Debug|Any CPU.Build.0 = Debug|Any CPU
		{E1665B3D-1536-423E-A92E-BA7C993443B5}.Release|Any CPU.ActiveCfg = Release|Any CPU
		{E1665B3D-1536-423E-A92E-BA7C993443B5}.Release|Any CPU.Build.0 = Release|Any CPU
		{9A31F943-CEDC-4810-BEB3-C63B2C616BE5}.Debug|Any CPU.ActiveCfg = Debug|Any CPU
		{9A31F943-CEDC-4810-BEB3-C63B2C616BE5}.Debug|Any CPU.Build.0 = Debug|Any CPU
		{9A31F943-CEDC-4810-BEB3-C63B2C616BE5}.Release|Any CPU.ActiveCfg = Release|Any CPU
		{9A31F943-CEDC-4810-BEB3-C63B2C616BE5}.Release|Any CPU.Build.0 = Release|Any CPU
		{4F1AF712-752E-4A63-B850-A8D739B3CF94}.Debug|Any CPU.ActiveCfg = Debug|Any CPU
		{4F1AF712-752E-4A63-B850-A8D739B3CF94}.Debug|Any CPU.Build.0 = Debug|Any CPU
		{4F1AF712-752E-4A63-B850-A8D739B3CF94}.Release|Any CPU.ActiveCfg = Release|Any CPU
		{4F1AF712-752E-4A63-B850-A8D739B3CF94}.Release|Any CPU.Build.0 = Release|Any CPU
		{E3C8EFCD-941A-497A-9481-2AA77E505A16}.Debug|Any CPU.ActiveCfg = Debug|Any CPU
		{E3C8EFCD-941A-497A-9481-2AA77E505A16}.Debug|Any CPU.Build.0 = Debug|Any CPU
		{E3C8EFCD-941A-497A-9481-2AA77E505A16}.Release|Any CPU.ActiveCfg = Release|Any CPU
		{E3C8EFCD-941A-497A-9481-2AA77E505A16}.Release|Any CPU.Build.0 = Release|Any CPU
		{03180469-A405-4F58-A643-4F9E884F128D}.Debug|Any CPU.ActiveCfg = Debug|Any CPU
		{03180469-A405-4F58-A643-4F9E884F128D}.Debug|Any CPU.Build.0 = Debug|Any CPU
		{03180469-A405-4F58-A643-4F9E884F128D}.Release|Any CPU.ActiveCfg = Release|Any CPU
		{03180469-A405-4F58-A643-4F9E884F128D}.Release|Any CPU.Build.0 = Release|Any CPU
		{A3141D0E-7BD9-4308-8A36-D6D6B8231330}.Debug|Any CPU.ActiveCfg = Debug|Any CPU
		{A3141D0E-7BD9-4308-8A36-D6D6B8231330}.Debug|Any CPU.Build.0 = Debug|Any CPU
		{A3141D0E-7BD9-4308-8A36-D6D6B8231330}.Release|Any CPU.ActiveCfg = Release|Any CPU
		{A3141D0E-7BD9-4308-8A36-D6D6B8231330}.Release|Any CPU.Build.0 = Release|Any CPU
		{A7B81CF3-982D-4FEB-90BB-7D27AA008AC0}.Debug|Any CPU.ActiveCfg = Debug|Any CPU
		{A7B81CF3-982D-4FEB-90BB-7D27AA008AC0}.Debug|Any CPU.Build.0 = Debug|Any CPU
		{A7B81CF3-982D-4FEB-90BB-7D27AA008AC0}.Release|Any CPU.ActiveCfg = Release|Any CPU
		{A7B81CF3-982D-4FEB-90BB-7D27AA008AC0}.Release|Any CPU.Build.0 = Release|Any CPU
	EndGlobalSection
	GlobalSection(SolutionProperties) = preSolution
		HideSolutionNode = FALSE
	EndGlobalSection
	GlobalSection(NestedProjects) = preSolution
		{65FB1630-0131-4F1D-B8FF-8A8B0EF07212} = {02EA681E-C7D8-13C7-8484-4AC65E1B71E8}
		{5C21C474-B8B6-449D-980E-52C92F467C6C} = {02EA681E-C7D8-13C7-8484-4AC65E1B71E8}
		{E0F981DE-47FA-4B6F-9B3C-A422B9103953} = {02EA681E-C7D8-13C7-8484-4AC65E1B71E8}
		{BB9C4860-3FF6-47DC-A300-442588167779} = {388DC58B-5836-4D1E-B801-A20BCED47886}
		{20BDAB24-770E-4F35-9E8B-5D67AF2E50FB} = {388DC58B-5836-4D1E-B801-A20BCED47886}
		{9F9A31E3-6CA4-4F6D-B76A-3023AB09A767} = {388DC58B-5836-4D1E-B801-A20BCED47886}
		{6D580268-5021-4B54-9FCB-F3B7F6E072B9} = {423F53E4-1EA1-4A53-86FD-736515435A8C}
		{2BED6281-4573-4A07-A552-1B4A94D1FE67} = {423F53E4-1EA1-4A53-86FD-736515435A8C}
		{E1665B3D-1536-423E-A92E-BA7C993443B5} = {423F53E4-1EA1-4A53-86FD-736515435A8C}
		{9A31F943-CEDC-4810-BEB3-C63B2C616BE5} = {815C9EE9-63AA-42C2-86BD-9003E6DA5C36}
		{4F1AF712-752E-4A63-B850-A8D739B3CF94} = {815C9EE9-63AA-42C2-86BD-9003E6DA5C36}
		{E3C8EFCD-941A-497A-9481-2AA77E505A16} = {815C9EE9-63AA-42C2-86BD-9003E6DA5C36}
		{03180469-A405-4F58-A643-4F9E884F128D} = {02039795-D45E-4B59-8171-F9AE799FEB79}
		{A3141D0E-7BD9-4308-8A36-D6D6B8231330} = {02039795-D45E-4B59-8171-F9AE799FEB79}
		{A7B81CF3-982D-4FEB-90BB-7D27AA008AC0} = {02039795-D45E-4B59-8171-F9AE799FEB79}
	EndGlobalSection
	GlobalSection(ExtensibilityGlobals) = postSolution
		SolutionGuid = {A62353FA-61CD-41D8-88A7-9DA32ECE45DA}
	EndGlobalSection
EndGlobal
